
Microsoft Visual Studio Solution File, Format Version 12.00
# Visual Studio Version 17
VisualStudioVersion = 17.13.36105.23
MinimumVisualStudioVersion = 10.0.40219.1
Project("{FAE04EC0-301F-11D3-BF4B-00C04F79EFBC}") = "Hiraishin.API", "Hiraishin.API\Hiraishin.API.csproj", "{BD32AC96-B719-4E15-9235-421125808093}"
	ProjectSection(ProjectDependencies) = postProject
		{3DBCE07A-2AE6-49BE-B795-A250ECB37EBC} = {3DBCE07A-2AE6-49BE-B795-A250ECB37EBC}
	EndProjectSection
EndProject
Project("{2150E333-8FDC-42A3-9474-1A3956D46DE8}") = "0 - Application", "0 - Application", "{02EA681E-C7D8-13C7-8484-4AC65E1B71E8}"
EndProject
Project("{2150E333-8FDC-42A3-9474-1A3956D46DE8}") = "1 - Middleware", "1 - Middleware", "{12BF0206-3CE0-41D3-85F6-0582338D71D6}"
EndProject
Project("{2150E333-8FDC-42A3-9474-1A3956D46DE8}") = "2 - Services", "2 - Services", "{FBA7229F-C547-4532-8477-892CA8317492}"
EndProject
Project("{2150E333-8FDC-42A3-9474-1A3956D46DE8}") = "3 - Infra", "3 - Infra", "{33E24C72-416D-4C52-9EAF-614A888E1E15}"
EndProject
Project("{2150E333-8FDC-42A3-9474-1A3956D46DE8}") = "4 - Domain", "4 - Domain", "{EF5368FD-0CE3-4528-90E9-B01B015541B1}"
EndProject
Project("{2150E333-8FDC-42A3-9474-1A3956D46DE8}") = "5 - Tests", "5 - Tests", "{1A7E0277-3A1D-4BEF-BAF7-B0F5C54A2EBE}"
EndProject
Project("{FAE04EC0-301F-11D3-BF4B-00C04F79EFBC}") = "Hiraishin.Tests", "Hiraishin.Tests\Hiraishin.Tests.csproj", "{AA18F0D8-9348-4ECE-A418-C526B273299D}"
EndProject
Project("{2150E333-8FDC-42A3-9474-1A3956D46DE8}") = "4.0 - Models", "4.0 - Models", "{3F79D3D9-1F17-449C-A853-A7A542A35AE2}"
EndProject
Project("{2150E333-8FDC-42A3-9474-1A3956D46DE8}") = "4.1 - Interface", "4.1 - Interface", "{7B10CA62-D324-4921-AA9D-2703166B5B45}"
EndProject
Project("{2150E333-8FDC-42A3-9474-1A3956D46DE8}") = "4.2 - Utility", "4.2 - Utility", "{75B03925-57A4-4E40-9194-6C6EED8BAEA9}"
EndProject
Project("{FAE04EC0-301F-11D3-BF4B-00C04F79EFBC}") = "Hiraishin.Domain.Entities", "Hiraishin.Domain.Entities\Hiraishin.Domain.Entities.csproj", "{AA5149EB-85E0-4339-A64E-9C21871E45DE}"
EndProject
Project("{FAE04EC0-301F-11D3-BF4B-00C04F79EFBC}") = "Hiraishin.Domain.Dto", "Hiraishin.Domain.Dto\Hiraishin.Domain.Dto.csproj", "{2072E340-12E3-421F-8A27-F29E27126EC2}"
EndProject
Project("{FAE04EC0-301F-11D3-BF4B-00C04F79EFBC}") = "Hiraishin.Domain.Interface.Services", "Hiraishin.Domain.Interface.Services\Hiraishin.Domain.Interface.Services.csproj", "{BEDFAEDD-8A2F-42C7-98AF-5A0ED483E642}"
EndProject
Project("{FAE04EC0-301F-11D3-BF4B-00C04F79EFBC}") = "Hiraishin.Domain.Utility", "Hiraishin.Domain.Utility\Hiraishin.Domain.Utility.csproj", "{571FBBC2-2639-41B5-98C4-89A8E8B02AED}"
EndProject
Project("{FAE04EC0-301F-11D3-BF4B-00C04F79EFBC}") = "Hiraishin.Services", "Hiraishin.Services\Hiraishin.Services.csproj", "{73989A81-9FFC-4824-BE21-38573A5E341C}"
EndProject
Project("{FAE04EC0-301F-11D3-BF4B-00C04F79EFBC}") = "Hiraishin.Ioc", "Hiraishin.Ioc\Hiraishin.Ioc.csproj", "{29A50F72-523A-454A-999A-30C0BDADCEB8}"
EndProject
Project("{FAE04EC0-301F-11D3-BF4B-00C04F79EFBC}") = "Hiraishin.Data.Context", "Hiraishin.Data.Context\Hiraishin.Data.Context.csproj", "{3DBCE07A-2AE6-49BE-B795-A250ECB37EBC}"
EndProject
Project("{E53339B2-1760-4266-BCC7-CA923CBCF16C}") = "docker", "docker.dcproj", "{81DDED9D-158B-E303-5F62-77A2896D2A5A}"
EndProject
Project("{2150E333-8FDC-42A3-9474-1A3956D46DE8}") = "4.3 - Data", "4.3 - Data", "{1346036A-DA97-41D5-959D-31C7F5B38B66}"
EndProject
Project("{FAE04EC0-301F-11D3-BF4B-00C04F79EFBC}") = "Hiraishin.Domain.Data", "Hiraishin.Domain.Data\Hiraishin.Domain.Data.csproj", "{D3DA8FAB-DDA6-4E49-B67F-7B3FD8C8C700}"
EndProject
Global
	GlobalSection(SolutionConfigurationPlatforms) = preSolution
		Debug|Any CPU = Debug|Any CPU
		Release|Any CPU = Release|Any CPU
	EndGlobalSection
	GlobalSection(ProjectConfigurationPlatforms) = postSolution
		{BD32AC96-B719-4E15-9235-421125808093}.Debug|Any CPU.ActiveCfg = Debug|Any CPU
		{BD32AC96-B719-4E15-9235-421125808093}.Debug|Any CPU.Build.0 = Debug|Any CPU
		{BD32AC96-B719-4E15-9235-421125808093}.Release|Any CPU.ActiveCfg = Release|Any CPU
		{BD32AC96-B719-4E15-9235-421125808093}.Release|Any CPU.Build.0 = Release|Any CPU
		{AA18F0D8-9348-4ECE-A418-C526B273299D}.Debug|Any CPU.ActiveCfg = Debug|Any CPU
		{AA18F0D8-9348-4ECE-A418-C526B273299D}.Debug|Any CPU.Build.0 = Debug|Any CPU
		{AA18F0D8-9348-4ECE-A418-C526B273299D}.Release|Any CPU.ActiveCfg = Release|Any CPU
		{AA18F0D8-9348-4ECE-A418-C526B273299D}.Release|Any CPU.Build.0 = Release|Any CPU
		{AA5149EB-85E0-4339-A64E-9C21871E45DE}.Debug|Any CPU.ActiveCfg = Debug|Any CPU
		{AA5149EB-85E0-4339-A64E-9C21871E45DE}.Debug|Any CPU.Build.0 = Debug|Any CPU
		{AA5149EB-85E0-4339-A64E-9C21871E45DE}.Release|Any CPU.ActiveCfg = Release|Any CPU
		{AA5149EB-85E0-4339-A64E-9C21871E45DE}.Release|Any CPU.Build.0 = Release|Any CPU
		{2072E340-12E3-421F-8A27-F29E27126EC2}.Debug|Any CPU.ActiveCfg = Debug|Any CPU
		{2072E340-12E3-421F-8A27-F29E27126EC2}.Debug|Any CPU.Build.0 = Debug|Any CPU
		{2072E340-12E3-421F-8A27-F29E27126EC2}.Release|Any CPU.ActiveCfg = Release|Any CPU
		{2072E340-12E3-421F-8A27-F29E27126EC2}.Release|Any CPU.Build.0 = Release|Any CPU
		{BEDFAEDD-8A2F-42C7-98AF-5A0ED483E642}.Debug|Any CPU.ActiveCfg = Debug|Any CPU
		{BEDFAEDD-8A2F-42C7-98AF-5A0ED483E642}.Debug|Any CPU.Build.0 = Debug|Any CPU
		{BEDFAEDD-8A2F-42C7-98AF-5A0ED483E642}.Release|Any CPU.ActiveCfg = Release|Any CPU
		{BEDFAEDD-8A2F-42C7-98AF-5A0ED483E642}.Release|Any CPU.Build.0 = Release|Any CPU
		{571FBBC2-2639-41B5-98C4-89A8E8B02AED}.Debug|Any CPU.ActiveCfg = Debug|Any CPU
		{571FBBC2-2639-41B5-98C4-89A8E8B02AED}.Debug|Any CPU.Build.0 = Debug|Any CPU
		{571FBBC2-2639-41B5-98C4-89A8E8B02AED}.Release|Any CPU.ActiveCfg = Release|Any CPU
		{571FBBC2-2639-41B5-98C4-89A8E8B02AED}.Release|Any CPU.Build.0 = Release|Any CPU
		{73989A81-9FFC-4824-BE21-38573A5E341C}.Debug|Any CPU.ActiveCfg = Debug|Any CPU
		{73989A81-9FFC-4824-BE21-38573A5E341C}.Debug|Any CPU.Build.0 = Debug|Any CPU
		{73989A81-9FFC-4824-BE21-38573A5E341C}.Release|Any CPU.ActiveCfg = Release|Any CPU
		{73989A81-9FFC-4824-BE21-38573A5E341C}.Release|Any CPU.Build.0 = Release|Any CPU
		{29A50F72-523A-454A-999A-30C0BDADCEB8}.Debug|Any CPU.ActiveCfg = Debug|Any CPU
		{29A50F72-523A-454A-999A-30C0BDADCEB8}.Debug|Any CPU.Build.0 = Debug|Any CPU
		{29A50F72-523A-454A-999A-30C0BDADCEB8}.Release|Any CPU.ActiveCfg = Release|Any CPU
		{29A50F72-523A-454A-999A-30C0BDADCEB8}.Release|Any CPU.Build.0 = Release|Any CPU
		{3DBCE07A-2AE6-49BE-B795-A250ECB37EBC}.Debug|Any CPU.ActiveCfg = Debug|Any CPU
		{3DBCE07A-2AE6-49BE-B795-A250ECB37EBC}.Debug|Any CPU.Build.0 = Debug|Any CPU
		{3DBCE07A-2AE6-49BE-B795-A250ECB37EBC}.Release|Any CPU.ActiveCfg = Release|Any CPU
		{3DBCE07A-2AE6-49BE-B795-A250ECB37EBC}.Release|Any CPU.Build.0 = Release|Any CPU
		{81DDED9D-158B-E303-5F62-77A2896D2A5A}.Debug|Any CPU.ActiveCfg = Debug|Any CPU
		{81DDED9D-158B-E303-5F62-77A2896D2A5A}.Debug|Any CPU.Build.0 = Debug|Any CPU
		{81DDED9D-158B-E303-5F62-77A2896D2A5A}.Release|Any CPU.ActiveCfg = Release|Any CPU
		{81DDED9D-158B-E303-5F62-77A2896D2A5A}.Release|Any CPU.Build.0 = Release|Any CPU
		{D3DA8FAB-DDA6-4E49-B67F-7B3FD8C8C700}.Debug|Any CPU.ActiveCfg = Debug|Any CPU
		{D3DA8FAB-DDA6-4E49-B67F-7B3FD8C8C700}.Debug|Any CPU.Build.0 = Debug|Any CPU
		{D3DA8FAB-DDA6-4E49-B67F-7B3FD8C8C700}.Release|Any CPU.ActiveCfg = Release|Any CPU
		{D3DA8FAB-DDA6-4E49-B67F-7B3FD8C8C700}.Release|Any CPU.Build.0 = Release|Any CPU
	EndGlobalSection
	GlobalSection(SolutionProperties) = preSolution
		HideSolutionNode = FALSE
	EndGlobalSection
	GlobalSection(NestedProjects) = preSolution
		{BD32AC96-B719-4E15-9235-421125808093} = {02EA681E-C7D8-13C7-8484-4AC65E1B71E8}
		{AA18F0D8-9348-4ECE-A418-C526B273299D} = {1A7E0277-3A1D-4BEF-BAF7-B0F5C54A2EBE}
		{3F79D3D9-1F17-449C-A853-A7A542A35AE2} = {EF5368FD-0CE3-4528-90E9-B01B015541B1}
		{7B10CA62-D324-4921-AA9D-2703166B5B45} = {EF5368FD-0CE3-4528-90E9-B01B015541B1}
		{75B03925-57A4-4E40-9194-6C6EED8BAEA9} = {EF5368FD-0CE3-4528-90E9-B01B015541B1}
		{AA5149EB-85E0-4339-A64E-9C21871E45DE} = {3F79D3D9-1F17-449C-A853-A7A542A35AE2}
		{2072E340-12E3-421F-8A27-F29E27126EC2} = {3F79D3D9-1F17-449C-A853-A7A542A35AE2}
		{BEDFAEDD-8A2F-42C7-98AF-5A0ED483E642} = {7B10CA62-D324-4921-AA9D-2703166B5B45}
		{571FBBC2-2639-41B5-98C4-89A8E8B02AED} = {75B03925-57A4-4E40-9194-6C6EED8BAEA9}
		{73989A81-9FFC-4824-BE21-38573A5E341C} = {FBA7229F-C547-4532-8477-892CA8317492}
		{29A50F72-523A-454A-999A-30C0BDADCEB8} = {12BF0206-3CE0-41D3-85F6-0582338D71D6}
		{3DBCE07A-2AE6-49BE-B795-A250ECB37EBC} = {33E24C72-416D-4C52-9EAF-614A888E1E15}
		{1346036A-DA97-41D5-959D-31C7F5B38B66} = {EF5368FD-0CE3-4528-90E9-B01B015541B1}
		{D3DA8FAB-DDA6-4E49-B67F-7B3FD8C8C700} = {1346036A-DA97-41D5-959D-31C7F5B38B66}
	EndGlobalSection
	GlobalSection(ExtensibilityGlobals) = postSolution
		SolutionGuid = {AD967419-1633-46B1-B873-09A80F6FA5F7}
	EndGlobalSection
EndGlobal
